Microsoft Visual Studio Solution File, Format Version 11.00
# Visual Studio 2008

Project("{BBFD02C8-52B8-DA53-CE25-953B06913EE8}") = "Roll-A-Ball", "Assembly-CSharp.csproj", "{D51671F0-32E0-3BFF-ED69-1DFDCE56E84D}"
EndProject
Global
	GlobalSection(SolutionConfigurationPlatforms) = preSolution
		Debug|Any CPU = Debug|Any CPU
		Release|Any CPU = Release|Any CPU
	EndGlobalSection
	GlobalSection(ProjectConfigurationPlatforms) = postSolution
		{D51671F0-32E0-3BFF-ED69-1DFDCE56E84D}.Debug|Any CPU.ActiveCfg = Debug|Any CPU
		{D51671F0-32E0-3BFF-ED69-1DFDCE56E84D}.Debug|Any CPU.Build.0 = Debug|Any CPU
		{D51671F0-32E0-3BFF-ED69-1DFDCE56E84D}.Release|Any CPU.ActiveCfg = Release|Any CPU
		{D51671F0-32E0-3BFF-ED69-1DFDCE56E84D}.Release|Any CPU.Build.0 = Release|Any CPU
	EndGlobalSection
	GlobalSection(SolutionProperties) = preSolution
		HideSolutionNode = FALSE
	EndGlobalSection
	GlobalSection(MonoDevelopProperties) = preSolution
		StartupItem = Assembly-CSharp.csproj
	EndGlobalSection
EndGlobal
